// !$*UTF8*$!
{
	archiveVersion = 1;
	classes = {
	};
	objectVersion = 51;
	objects = {

/* Begin PBXBuildFile section */
		6BE6BA2BCA93B4C3393D5134 /* Pods_instagram.framework in Frameworks */ = {isa = PBXBuildFile; fileRef = A24E725837376BE71B114904 /* Pods_instagram.framework */; };
		A41E5316250BB49E00294748 /* CommentViewController.swift in Sources */ = {isa = PBXBuildFile; fileRef = A41E5315250BB49E00294748 /* CommentViewController.swift */; };
		A42B5A1624F277440074F778 /* GoogleService-Info.plist in Resources */ = {isa = PBXBuildFile; fileRef = A42B5A1524F277440074F778 /* GoogleService-Info.plist */; };
		A45AC71924F2509500BA06D6 /* TabBarController.swift in Sources */ = {isa = PBXBuildFile; fileRef = A45AC71824F2509500BA06D6 /* TabBarController.swift */; };
		A45DF97024F0F82100096DB9 /* AppDelegate.swift in Sources */ = {isa = PBXBuildFile; fileRef = A45DF96F24F0F82100096DB9 /* AppDelegate.swift */; };
		A45DF97224F0F82100096DB9 /* SceneDelegate.swift in Sources */ = {isa = PBXBuildFile; fileRef = A45DF97124F0F82100096DB9 /* SceneDelegate.swift */; };
		A45DF97724F0F82100096DB9 /* Main.storyboard in Resources */ = {isa = PBXBuildFile; fileRef = A45DF97524F0F82100096DB9 /* Main.storyboard */; };
		A45DF97924F0F82400096DB9 /* Assets.xcassets in Resources */ = {isa = PBXBuildFile; fileRef = A45DF97824F0F82400096DB9 /* Assets.xcassets */; };
		A45DF97C24F0F82400096DB9 /* LaunchScreen.storyboard in Resources */ = {isa = PBXBuildFile; fileRef = A45DF97A24F0F82400096DB9 /* LaunchScreen.storyboard */; };
		A45DF98424F0FB9200096DB9 /* LoginViewController.swift in Sources */ = {isa = PBXBuildFile; fileRef = A45DF98324F0FB9200096DB9 /* LoginViewController.swift */; };
		A45DF98624F0FBCD00096DB9 /* HomeViewController.swift in Sources */ = {isa = PBXBuildFile; fileRef = A45DF98524F0FBCD00096DB9 /* HomeViewController.swift */; };
		A45DF98824F0FCAC00096DB9 /* ImageSelectViewController.swift in Sources */ = {isa = PBXBuildFile; fileRef = A45DF98724F0FCAC00096DB9 /* ImageSelectViewController.swift */; };
		A45DF98A24F0FCF800096DB9 /* PostViewController.swift in Sources */ = {isa = PBXBuildFile; fileRef = A45DF98924F0FCF800096DB9 /* PostViewController.swift */; };
		A45DF98C24F0FD1400096DB9 /* SettingViewController.swift in Sources */ = {isa = PBXBuildFile; fileRef = A45DF98B24F0FD1400096DB9 /* SettingViewController.swift */; };
		A4674BCE24F7D5D500411312 /* Const.swift in Sources */ = {isa = PBXBuildFile; fileRef = A4674BCD24F7D5D500411312 /* Const.swift */; };
		A4674BD024F8008F00411312 /* PostData.swift in Sources */ = {isa = PBXBuildFile; fileRef = A4674BCF24F8008F00411312 /* PostData.swift */; };
		A4674BD324F89D7F00411312 /* PostTableViewCell.swift in Sources */ = {isa = PBXBuildFile; fileRef = A4674BD124F89D7F00411312 /* PostTableViewCell.swift */; };
		A4674BD424F89D7F00411312 /* PostTableViewCell.xib in Resources */ = {isa = PBXBuildFile; fileRef = A4674BD224F89D7F00411312 /* PostTableViewCell.xib */; };
/* End PBXBuildFile section */

/* Begin PBXFileReference section */
		1054B3CDDED566502F2ECA78 /* Pods-instagram.release.xcconfig */ = {isa = PBXFileReference; includeInIndex = 1; lastKnownFileType = text.xcconfig; name = "Pods-instagram.release.xcconfig"; path = "Target Support Files/Pods-instagram/Pods-instagram.release.xcconfig"; sourceTree = "<group>"; };
		36CB1BE94C36ACD144BA6589 /* Pods-instagram.debug.xcconfig */ = {isa = PBXFileReference; includeInIndex = 1; lastKnownFileType = text.xcconfig; name = "Pods-instagram.debug.xcconfig"; path = "Target Support Files/Pods-instagram/Pods-instagram.debug.xcconfig"; sourceTree = "<group>"; };
		A24E725837376BE71B114904 /* Pods_instagram.framework */ = {isa = PBXFileReference; explicitFileType = wrapper.framework; includeInIndex = 0; path = Pods_instagram.framework; sourceTree = BUILT_PRODUCTS_DIR; };
		A4175B0724F3AAEE002C6A2E /* instagram.app */ = {isa = PBXFileReference; explicitFileType = wrapper.application; includeInIndex = 0; path = instagram.app; sourceTree = BUILT_PRODUCTS_DIR; };
		A41E5315250BB49E00294748 /* CommentViewController.swift */ = {isa = PBXFileReference; lastKnownFileType = sourcecode.swift; path = CommentViewController.swift; sourceTree = "<group>"; };
		A42B5A1524F277440074F778 /* GoogleService-Info.plist */ = {isa = PBXFileReference; fileEncoding = 4; lastKnownFileType = text.plist.xml; path = "GoogleService-Info.plist"; sourceTree = "<group>"; };
		A45AC71824F2509500BA06D6 /* TabBarController.swift */ = {isa = PBXFileReference; lastKnownFileType = sourcecode.swift; path = TabBarController.swift; sourceTree = "<group>"; };
		A45DF96F24F0F82100096DB9 /* AppDelegate.swift */ = {isa = PBXFileReference; lastKnownFileType = sourcecode.swift; path = AppDelegate.swift; sourceTree = "<group>"; };
		A45DF97124F0F82100096DB9 /* SceneDelegate.swift */ = {isa = PBXFileReference; lastKnownFileType = sourcecode.swift; path = SceneDelegate.swift; sourceTree = "<group>"; };
		A45DF97624F0F82100096DB9 /* Base */ = {isa = PBXFileReference; lastKnownFileType = file.storyboard; name = Base; path = Base.lproj/Main.storyboard; sourceTree = "<group>"; };
		A45DF97824F0F82400096DB9 /* Assets.xcassets */ = {isa = PBXFileReference; lastKnownFileType = folder.assetcatalog; path = Assets.xcassets; sourceTree = "<group>"; };
		A45DF97B24F0F82400096DB9 /* Base */ = {isa = PBXFileReference; lastKnownFileType = file.storyboard; name = Base; path = Base.lproj/LaunchScreen.storyboard; sourceTree = "<group>"; };
		A45DF97D24F0F82400096DB9 /* Info.plist */ = {isa = PBXFileReference; lastKnownFileType = text.plist.xml; path = Info.plist; sourceTree = "<group>"; };
		A45DF98324F0FB9200096DB9 /* LoginViewController.swift */ = {isa = PBXFileReference; lastKnownFileType = sourcecode.swift; path = LoginViewController.swift; sourceTree = "<group>"; };
		A45DF98524F0FBCD00096DB9 /* HomeViewController.swift */ = {isa = PBXFileReference; lastKnownFileType = sourcecode.swift; path = HomeViewController.swift; sourceTree = "<group>"; };
		A45DF98724F0FCAC00096DB9 /* ImageSelectViewController.swift */ = {isa = PBXFileReference; lastKnownFileType = sourcecode.swift; path = ImageSelectViewController.swift; sourceTree = "<group>"; };
		A45DF98924F0FCF800096DB9 /* PostViewController.swift */ = {isa = PBXFileReference; lastKnownFileType = sourcecode.swift; path = PostViewController.swift; sourceTree = "<group>"; };
		A45DF98B24F0FD1400096DB9 /* SettingViewController.swift */ = {isa = PBXFileReference; lastKnownFileType = sourcecode.swift; path = SettingViewController.swift; sourceTree = "<group>"; };
		A4674BCD24F7D5D500411312 /* Const.swift */ = {isa = PBXFileReference; lastKnownFileType = sourcecode.swift; path = Const.swift; sourceTree = "<group>"; };
		A4674BCF24F8008F00411312 /* PostData.swift */ = {isa = PBXFileReference; lastKnownFileType = sourcecode.swift; path = PostData.swift; sourceTree = "<group>"; };
		A4674BD124F89D7F00411312 /* PostTableViewCell.swift */ = {isa = PBXFileReference; lastKnownFileType = sourcecode.swift; path = PostTableViewCell.swift; sourceTree = "<group>"; };
		A4674BD224F89D7F00411312 /* PostTableViewCell.xib */ = {isa = PBXFileReference; lastKnownFileType = file.xib; path = PostTableViewCell.xib; sourceTree = "<group>"; };
/* End PBXFileReference section */

/* Begin PBXFrameworksBuildPhase section */
		A45DF96924F0F82100096DB9 /* Frameworks */ = {
			isa = PBXFrameworksBuildPhase;
			buildActionMask = 2147483647;
			files = (
				6BE6BA2BCA93B4C3393D5134 /* Pods_instagram.framework in Frameworks */,
			);
			runOnlyForDeploymentPostprocessing = 0;
		};
/* End PBXFrameworksBuildPhase section */

/* Begin PBXGroup section */
		944C543E2A5545A593CF516A /* Pods */ = {
			isa = PBXGroup;
			children = (
				36CB1BE94C36ACD144BA6589 /* Pods-instagram.debug.xcconfig */,
				1054B3CDDED566502F2ECA78 /* Pods-instagram.release.xcconfig */,
			);
			path = Pods;
			sourceTree = "<group>";
		};
		A45DF96324F0F82100096DB9 = {
			isa = PBXGroup;
			children = (
				A45DF96E24F0F82100096DB9 /* instagram */,
				944C543E2A5545A593CF516A /* Pods */,
				A4175B0724F3AAEE002C6A2E /* instagram.app */,
				EDFEB1CF343598A2BADAB6FA /* Frameworks */,
			);
			sourceTree = "<group>";
		};
		A45DF96E24F0F82100096DB9 /* instagram */ = {
			isa = PBXGroup;
			children = (
				A45DF96F24F0F82100096DB9 /* AppDelegate.swift */,
				A45DF97124F0F82100096DB9 /* SceneDelegate.swift */,
				A4674BCD24F7D5D500411312 /* Const.swift */,
				A4674BCF24F8008F00411312 /* PostData.swift */,
				A4674BD124F89D7F00411312 /* PostTableViewCell.swift */,
				A4674BD224F89D7F00411312 /* PostTableViewCell.xib */,
				A41E5315250BB49E00294748 /* CommentViewController.swift */,
				A45DF98324F0FB9200096DB9 /* LoginViewController.swift */,
				A45DF98524F0FBCD00096DB9 /* HomeViewController.swift */,
				A45DF98724F0FCAC00096DB9 /* ImageSelectViewController.swift */,
				A45DF98924F0FCF800096DB9 /* PostViewController.swift */,
				A45DF98B24F0FD1400096DB9 /* SettingViewController.swift */,
				A45AC71824F2509500BA06D6 /* TabBarController.swift */,
				A45DF97524F0F82100096DB9 /* Main.storyboard */,
				A45DF97824F0F82400096DB9 /* Assets.xcassets */,
				A45DF97A24F0F82400096DB9 /* LaunchScreen.storyboard */,
				A45DF97D24F0F82400096DB9 /* Info.plist */,
				A42B5A1524F277440074F778 /* GoogleService-Info.plist */,
			);
			path = instagram;
			sourceTree = "<group>";
		};
		EDFEB1CF343598A2BADAB6FA /* Frameworks */ = {
			isa = PBXGroup;
			children = (
				A24E725837376BE71B114904 /* Pods_instagram.framework */,
			);
			name = Frameworks;
			sourceTree = "<group>";
		};
/* End PBXGroup section */

/* Begin PBXNativeTarget section */
		A45DF96B24F0F82100096DB9 /* instagram */ = {
			isa = PBXNativeTarget;
			buildConfigurationList = A45DF98024F0F82400096DB9 /* Build configuration list for PBXNativeTarget "instagram" */;
			buildPhases = (
				53EFB17E1B35E513F5668B2B /* [CP] Check Pods Manifest.lock */,
				A45DF96824F0F82100096DB9 /* Sources */,
				A45DF96924F0F82100096DB9 /* Frameworks */,
				A45DF96A24F0F82100096DB9 /* Resources */,
				F3B264BE970C7F590588E39B /* [CP] Embed Pods Frameworks */,
			);
			buildRules = (
			);
			dependencies = (
			);
			name = instagram;
			productName = instagram;
			productReference = A4175B0724F3AAEE002C6A2E /* instagram.app */;
			productType = "com.apple.product-type.application";
		};
/* End PBXNativeTarget section */

/* Begin PBXProject section */
		A45DF96424F0F82100096DB9 /* Project object */ = {
			isa = PBXProject;
			attributes = {
				LastSwiftUpdateCheck = 1160;
				LastUpgradeCheck = 1160;
				ORGANIZATIONNAME = "Kazuma Miura";
				TargetAttributes = {
					A45DF96B24F0F82100096DB9 = {
						CreatedOnToolsVersion = 11.6;
					};
				};
			};
			buildConfigurationList = A45DF96724F0F82100096DB9 /* Build configuration list for PBXProject "instagram" */;
			compatibilityVersion = "Xcode 9.3";
			developmentRegion = en;
			hasScannedForEncodings = 0;
			knownRegions = (
				en,
				Base,
			);
			mainGroup = A45DF96324F0F82100096DB9;
			productRefGroup = A45DF96324F0F82100096DB9;
			projectDirPath = "";
			projectRoot = "";
			targets = (
				A45DF96B24F0F82100096DB9 /* instagram */,
			);
		};
/* End PBXProject section */

/* Begin PBXResourcesBuildPhase section */
		A45DF96A24F0F82100096DB9 /* Resources */ = {
			isa = PBXResourcesBuildPhase;
			buildActionMask = 2147483647;
			files = (
				A45DF97C24F0F82400096DB9 /* LaunchScreen.storyboard in Resources */,
				A4674BD424F89D7F00411312 /* PostTableViewCell.xib in Resources */,
				A42B5A1624F277440074F778 /* GoogleService-Info.plist in Resources */,
				A45DF97924F0F82400096DB9 /* Assets.xcassets in Resources */,
				A45DF97724F0F82100096DB9 /* Main.storyboard in Resources */,
			);
			runOnlyForDeploymentPostprocessing = 0;
		};
/* End PBXResourcesBuildPhase section */

/* Begin PBXShellScriptBuildPhase section */
		53EFB17E1B35E513F5668B2B /* [CP] Check Pods Manifest.lock */ = {
			isa = PBXShellScriptBuildPhase;
			buildActionMask = 2147483647;
			files = (
			);
			inputFileListPaths = (
			);
			inputPaths = (
				"${PODS_PODFILE_DIR_PATH}/Podfile.lock",
				"${PODS_ROOT}/Manifest.lock",
			);
			name = "[CP] Check Pods Manifest.lock";
			outputFileListPaths = (
			);
			outputPaths = (
				"$(DERIVED_FILE_DIR)/Pods-instagram-checkManifestLockResult.txt",
			);
			runOnlyForDeploymentPostprocessing = 0;
			shellPath = /bin/sh;
			shellScript = "diff \"${PODS_PODFILE_DIR_PATH}/Podfile.lock\" \"${PODS_ROOT}/Manifest.lock\" > /dev/null\nif [ $? != 0 ] ; then\n    # print error to STDERR\n    echo \"error: The sandbox is not in sync with the Podfile.lock. Run 'pod install' or update your CocoaPods installation.\" >&2\n    exit 1\nfi\n# This output is used by Xcode 'outputs' to avoid re-running this script phase.\necho \"SUCCESS\" > \"${SCRIPT_OUTPUT_FILE_0}\"\n";
			showEnvVarsInLog = 0;
		};
		F3B264BE970C7F590588E39B /* [CP] Embed Pods Frameworks */ = {
			isa = PBXShellScriptBuildPhase;
			buildActionMask = 2147483647;
			files = (
			);
			inputFileListPaths = (
				"${PODS_ROOT}/Target Support Files/Pods-instagram/Pods-instagram-frameworks-${CONFIGURATION}-input-files.xcfilelist",
			);
			name = "[CP] Embed Pods Frameworks";
			outputFileListPaths = (
				"${PODS_ROOT}/Target Support Files/Pods-instagram/Pods-instagram-frameworks-${CONFIGURATION}-output-files.xcfilelist",
			);
			runOnlyForDeploymentPostprocessing = 0;
			shellPath = /bin/sh;
			shellScript = "\"${PODS_ROOT}/Target Support Files/Pods-instagram/Pods-instagram-frameworks.sh\"\n";
			showEnvVarsInLog = 0;
		};
/* End PBXShellScriptBuildPhase section */

/* Begin PBXSourcesBuildPhase section */
		A45DF96824F0F82100096DB9 /* Sources */ = {
			isa = PBXSourcesBuildPhase;
			buildActionMask = 2147483647;
			files = (
				A4674BD324F89D7F00411312 /* PostTableViewCell.swift in Sources */,
				A45DF98824F0FCAC00096DB9 /* ImageSelectViewController.swift in Sources */,
				A45AC71924F2509500BA06D6 /* TabBarController.swift in Sources */,
				A45DF98424F0FB9200096DB9 /* LoginViewController.swift in Sources */,
				A45DF98A24F0FCF800096DB9 /* PostViewController.swift in Sources */,
				A45DF98C24F0FD1400096DB9 /* SettingViewController.swift in Sources */,
				A4674BD024F8008F00411312 /* PostData.swift in Sources */,
				A45DF98624F0FBCD00096DB9 /* HomeViewController.swift in Sources */,
				A41E5316250BB49E00294748 /* CommentViewController.swift in Sources */,
				A45DF97024F0F82100096DB9 /* AppDelegate.swift in Sources */,
				A45DF97224F0F82100096DB9 /* SceneDelegate.swift in Sources */,
				A4674BCE24F7D5D500411312 /* Const.swift in Sources */,
			);
			runOnlyForDeploymentPostprocessing = 0;
		};
/* End PBXSourcesBuildPhase section */

/* Begin PBXVariantGroup section */
		A45DF97524F0F82100096DB9 /* Main.storyboard */ = {
			isa = PBXVariantGroup;
			children = (
				A45DF97624F0F82100096DB9 /* Base */,
			);
			name = Main.storyboard;
			sourceTree = "<group>";
		};
		A45DF97A24F0F82400096DB9 /* LaunchScreen.storyboard */ = {
			isa = PBXVariantGroup;
			children = (
				A45DF97B24F0F82400096DB9 /* Base */,
			);
			name = LaunchScreen.storyboard;
			sourceTree = "<group>";
		};
/* End PBXVariantGroup section */

/* Begin XCBuildConfiguration section */
		A45DF97E24F0F82400096DB9 /* Debug */ = {
			isa = XCBuildConfiguration;
			buildSettings = {
				ALWAYS_SEARCH_USER_PATHS = NO;
				CLANG_ANALYZER_NONNULL = YES;
				CLANG_ANALYZER_NUMBER_OBJECT_CONVERSION = YES_AGGRESSIVE;
				CLANG_CXX_LANGUAGE_STANDARD = "gnu++14";
				CLANG_CXX_LIBRARY = "libc++";
				CLANG_ENABLE_MODULES = YES;
				CLANG_ENABLE_OBJC_ARC = YES;
				CLANG_ENABLE_OBJC_WEAK = YES;
				CLANG_WARN_BLOCK_CAPTURE_AUTORELEASING = YES;
				CLANG_WARN_BOOL_CONVERSION = YES;
				CLANG_WARN_COMMA = YES;
				CLANG_WARN_CONSTANT_CONVERSION = YES;
				CLANG_WARN_DEPRECATED_OBJC_IMPLEMENTATIONS = YES;
				CLANG_WARN_DIRECT_OBJC_ISA_USAGE = YES_ERROR;
				CLANG_WARN_DOCUMENTATION_COMMENTS = YES;
				CLANG_WARN_EMPTY_BODY = YES;
				CLANG_WARN_ENUM_CONVERSION = YES;
				CLANG_WARN_INFINITE_RECURSION = YES;
				CLANG_WARN_INT_CONVERSION = YES;
				CLANG_WARN_NON_LITERAL_NULL_CONVERSION = YES;
				CLANG_WARN_OBJC_IMPLICIT_RETAIN_SELF = YES;
				CLANG_WARN_OBJC_LITERAL_CONVERSION = YES;
				CLANG_WARN_OBJC_ROOT_CLASS = YES_ERROR;
				CLANG_WARN_RANGE_LOOP_ANALYSIS = YES;
				CLANG_WARN_STRICT_PROTOTYPES = YES;
				CLANG_WARN_SUSPICIOUS_MOVE = YES;
				CLANG_WARN_UNGUARDED_AVAILABILITY = YES_AGGRESSIVE;
				CLANG_WARN_UNREACHABLE_CODE = YES;
				CLANG_WARN__DUPLICATE_METHOD_MATCH = YES;
				COPY_PHASE_STRIP = NO;
				DEBUG_INFORMATION_FORMAT = dwarf;
				ENABLE_STRICT_OBJC_MSGSEND = YES;
				ENABLE_TESTABILITY = YES;
				GCC_C_LANGUAGE_STANDARD = gnu11;
				GCC_DYNAMIC_NO_PIC = NO;
				GCC_NO_COMMON_BLOCKS = YES;
				GCC_OPTIMIZATION_LEVEL = 0;
				GCC_PREPROCESSOR_DEFINITIONS = (
					"DEBUG=1",
					"$(inherited)",
				);
				GCC_WARN_64_TO_32_BIT_CONVERSION = YES;
				GCC_WARN_ABOUT_RETURN_TYPE = YES_ERROR;
				GCC_WARN_UNDECLARED_SELECTOR = YES;
				GCC_WARN_UNINITIALIZED_AUTOS = YES_AGGRESSIVE;
				GCC_WARN_UNUSED_FUNCTION = YES;
				GCC_WARN_UNUSED_VARIABLE = YES;
				IPHONEOS_DEPLOYMENT_TARGET = 13.5;
				MTL_ENABLE_DEBUG_INFO = INCLUDE_SOURCE;
				MTL_FAST_MATH = YES;
				ONLY_ACTIVE_ARCH = YES;
				SDKROOT = iphoneos;
				SWIFT_ACTIVE_COMPILATION_CONDITIONS = DEBUG;
				SWIFT_OPTIMIZATION_LEVEL = "-Onone";
			};
			name = Debug;
		};
		A45DF97F24F0F82400096DB9 /* Release */ = {
			isa = XCBuildConfiguration;
			buildSettings = {
				ALWAYS_SEARCH_USER_PATHS = NO;
				CLANG_ANALYZER_NONNULL = YES;
				CLANG_ANALYZER_NUMBER_OBJECT_CONVERSION = YES_AGGRESSIVE;
				CLANG_CXX_LANGUAGE_STANDARD = "gnu++14";
				CLANG_CXX_LIBRARY = "libc++";
				CLANG_ENABLE_MODULES = YES;
				CLANG_ENABLE_OBJC_ARC = YES;
				CLANG_ENABLE_OBJC_WEAK = YES;
				CLANG_WARN_BLOCK_CAPTURE_AUTORELEASING = YES;
				CLANG_WARN_BOOL_CONVERSION = YES;
				CLANG_WARN_COMMA = YES;
				CLANG_WARN_CONSTANT_CONVERSION = YES;
				CLANG_WARN_DEPRECATED_OBJC_IMPLEMENTATIONS = YES;
				CLANG_WARN_DIRECT_OBJC_ISA_USAGE = YES_ERROR;
				CLANG_WARN_DOCUMENTATION_COMMENTS = YES;
				CLANG_WARN_EMPTY_BODY = YES;
				CLANG_WARN_ENUM_CONVERSION = YES;
				CLANG_WARN_INFINITE_RECURSION = YES;
				CLANG_WARN_INT_CONVERSION = YES;
				CLANG_WARN_NON_LITERAL_NULL_CONVERSION = YES;
				CLANG_WARN_OBJC_IMPLICIT_RETAIN_SELF = YES;
				CLANG_WARN_OBJC_LITERAL_CONVERSION = YES;
				CLANG_WARN_OBJC_ROOT_CLASS = YES_ERROR;
				CLANG_WARN_RANGE_LOOP_ANALYSIS = YES;
				CLANG_WARN_STRICT_PROTOTYPES = YES;
				CLANG_WARN_SUSPICIOUS_MOVE = YES;
				CLANG_WARN_UNGUARDED_AVAILABILITY = YES_AGGRESSIVE;
				CLANG_WARN_UNREACHABLE_CODE = YES;
				CLANG_WARN__DUPLICATE_METHOD_MATCH = YES;
				COPY_PHASE_STRIP = NO;
				DEBUG_INFORMATION_FORMAT = "dwarf-with-dsym";
				ENABLE_NS_ASSERTIONS = NO;
				ENABLE_STRICT_OBJC_MSGSEND = YES;
				GCC_C_LANGUAGE_STANDARD = gnu11;
				GCC_NO_COMMON_BLOCKS = YES;
				GCC_WARN_64_TO_32_BIT_CONVERSION = YES;
				GCC_WARN_ABOUT_RETURN_TYPE = YES_ERROR;
				GCC_WARN_UNDECLARED_SELECTOR = YES;
				GCC_WARN_UNINITIALIZED_AUTOS = YES_AGGRESSIVE;
				GCC_WARN_UNUSED_FUNCTION = YES;
				GCC_WARN_UNUSED_VARIABLE = YES;
				IPHONEOS_DEPLOYMENT_TARGET = 13.5;
				MTL_ENABLE_DEBUG_INFO = NO;
				MTL_FAST_MATH = YES;
				SDKROOT = iphoneos;
				SWIFT_COMPILATION_MODE = wholemodule;
				SWIFT_OPTIMIZATION_LEVEL = "-O";
				VALIDATE_PRODUCT = YES;
			};
			name = Release;
		};
		A45DF98124F0F82400096DB9 /* Debug */ = {
			isa = XCBuildConfiguration;
			baseConfigurationReference = 36CB1BE94C36ACD144BA6589 /* Pods-instagram.debug.xcconfig */;
			buildSettings = {
				ASSETCATALOG_COMPILER_APPICON_NAME = AppIcon;
				CODE_SIGN_STYLE = Automatic;
				DEVELOPMENT_TEAM = 8HSC6WJMH6;
				INFOPLIST_FILE = instagram/Info.plist;
				IPHONEOS_DEPLOYMENT_TARGET = 13.6;
				LD_RUNPATH_SEARCH_PATHS = (
					"$(inherited)",
					"@executable_path/Frameworks",
				);
				PRODUCT_BUNDLE_IDENTIFIER = jp.techacademy.kazuma.miura2.instagram;
				PRODUCT_NAME = "$(TARGET_NAME)";
				SWIFT_VERSION = 5.0;
				TARGETED_DEVICE_FAMILY = 1;
			};
			name = Debug;
		};
		A45DF98224F0F82400096DB9 /* Release */ = {
			isa = XCBuildConfiguration;
			baseConfigurationReference = 1054B3CDDED566502F2ECA78 /* Pods-instagram.release.xcconfig */;
			buildSettings = {
				ASSETCATALOG_COMPILER_APPICON_NAME = AppIcon;
				CODE_SIGN_STYLE = Automatic;
				DEVELOPMENT_TEAM = 8HSC6WJMH6;
				INFOPLIST_FILE = instagram/Info.plist;
				IPHONEOS_DEPLOYMENT_TARGET = 13.6;
				LD_RUNPATH_SEARCH_PATHS = (
					"$(inherited)",
					"@executable_path/Frameworks",
				);
				PRODUCT_BUNDLE_IDENTIFIER = jp.techacademy.kazuma.miura2.instagram;
				PRODUCT_NAME = "$(TARGET_NAME)";
				SWIFT_VERSION = 5.0;
				TARGETED_DEVICE_FAMILY = 1;
			};
			name = Release;
		};
/* End XCBuildConfiguration section */

/* Begin XCConfigurationList section */
		A45DF96724F0F82100096DB9 /* Build configuration list for PBXProject "instagram" */ = {
			isa = XCConfigurationList;
			buildConfigurations = (
				A45DF97E24F0F82400096DB9 /* Debug */,
				A45DF97F24F0F82400096DB9 /* Release */,
			);
			defaultConfigurationIsVisible = 0;
			defaultConfigurationName = Release;
		};
		A45DF98024F0F82400096DB9 /* Build configuration list for PBXNativeTarget "instagram" */ = {
			isa = XCConfigurationList;
			buildConfigurations = (
				A45DF98124F0F82400096DB9 /* Debug */,
				A45DF98224F0F82400096DB9 /* Release */,
			);
			defaultConfigurationIsVisible = 0;
			defaultConfigurationName = Release;
		};
/* End XCConfigurationList section */
	};
	rootObject = A45DF96424F0F82100096DB9 /* Project object */;
}
